# This file is autogenerated, do not edit; changes may be undone by the next 'dep ensure'.


[[projects]]
  branch = "master"
  digest = "1:4e8a7ad508c915198b8b6f720df925affcfb6c90734d2bed08dd46fb52199481"
  name = "github.com/caducorrea/gontains"
  packages = ["."]
  pruneopts = "UT"
  revision = "4d968c84221987b626a1136cfeb33715fd610f11"

[[projects]]
  branch = "master"
  digest = "1:0be3fc4126c5a734c67e77fb3befd681f9efe0d0774efd31bae8f5826238ca36"
  name = "golang.org/x/net"
  packages = [
    "html",
    "html/atom",
  ]
  pruneopts = "UT"
  revision = "d66e71096ffb9f08f36d9aefcae80ce319de6d68"

[solve-meta]
  analyzer-name = "dep"
  analyzer-version = 1
  input-imports = [
    "github.com/caducorrea/gontains",
    "golang.org/x/net/html",
  ]
  solver-name = "gps-cdcl"
  solver-version = 1
